
Microsoft Visual Studio Solution File, Format Version 12.00
# Visual Studio Version 16
VisualStudioVersion = 16.0.28922.388
MinimumVisualStudioVersion = 10.0.40219.1
Project("{2150E333-8FDC-42A3-9474-1A3956D46DE8}") = "Application", "Application", "{09E915FE-28A7-4269-8966-5443DB9395BC}"
EndProject
Project("{2150E333-8FDC-42A3-9474-1A3956D46DE8}") = "Domain", "Domain", "{0053C958-0EA0-459C-84BC-A02116E03450}"
EndProject
Project("{2150E333-8FDC-42A3-9474-1A3956D46DE8}") = "Infrastructure", "Infrastructure", "{ECD91A97-1EA9-46F3-B639-FF524265E1C0}"
EndProject
Project("{2150E333-8FDC-42A3-9474-1A3956D46DE8}") = "Tests", "Tests", "{CC90C3FF-E2C9-4A77-9082-A1D8449444D9}"
EndProject
Project("{9A19103F-16F7-4668-BE54-9A1E7A4F7556}") = "Din.Application.WebAPI", "Din.Application.WebAPI\Din.Application.WebAPI.csproj", "{5C828F27-BF9D-4430-8361-D79F80395E59}"
EndProject
Project("{9A19103F-16F7-4668-BE54-9A1E7A4F7556}") = "Din.Domain", "Din.Domain\Din.Domain.csproj", "{BB59FC2D-2E31-40D1-B769-EBAA9424CA57}"
EndProject
Project("{9A19103F-16F7-4668-BE54-9A1E7A4F7556}") = "Din.Infrastructure.DataAccess", "Din.Infrastructure.DataAccess\Din.Infrastructure.DataAccess.csproj", "{794598EC-0EF7-47F2-A01E-54EFFC16BF5C}"
EndProject
Project("{9A19103F-16F7-4668-BE54-9A1E7A4F7556}") = "Din.Infrastructure.Migrations", "Din.Infrastructure.Migrations\Din.Infrastructure.Migrations.csproj", "{9B47D1B7-635A-48D0-ACB1-468648BC4B80}"
EndProject
Project("{2150E333-8FDC-42A3-9474-1A3956D46DE8}") = "Solution Items", "Solution Items", "{7811AD8B-EEA7-4B9A-94FD-C61696485765}"
	ProjectSection(SolutionItems) = preProject
		..\.dockerignore = ..\.dockerignore
		..\.gitattributes = ..\.gitattributes
		..\.gitignore = ..\.gitignore
		..\Dockerfile = ..\Dockerfile
		..\Jenkinsfile = ..\Jenkinsfile
		..\LICENSE = ..\LICENSE
		..\README.md = ..\README.md
	EndProjectSection
EndProject
Project("{9A19103F-16F7-4668-BE54-9A1E7A4F7556}") = "Din.Domain.Models", "Din.Domain.Models\Din.Domain.Models.csproj", "{6CD0B536-7A7D-4B32-8768-7CDCBB5C0D94}"
EndProject
Project("{9A19103F-16F7-4668-BE54-9A1E7A4F7556}") = "Din.Domain.Tests", "Din.Domain.Tests\Din.Domain.Tests.csproj", "{0E180842-4114-4D9F-B38E-0302338E2A0E}"
EndProject
Project("{9A19103F-16F7-4668-BE54-9A1E7A4F7556}") = "Din.Domain.Middlewares", "Din.Domain.Middlewares\Din.Domain.Middlewares.csproj", "{2431F5B2-90CE-4AC8-A60E-5FC7F0A9C21E}"
EndProject
Project("{9A19103F-16F7-4668-BE54-9A1E7A4F7556}") = "Din.Domain.Authorization", "Din.Domain.Authorization\Din.Domain.Authorization.csproj", "{F103EE2E-32B5-47CA-A7CB-9AC783B9AD82}"
EndProject
Project("{9A19103F-16F7-4668-BE54-9A1E7A4F7556}") = "Din.Domain.Exceptions", "Din.Domain.Exceptions\Din.Domain.Exceptions.csproj", "{6CE2F08E-3F14-4E11-B611-84DC4153DD3F}"
EndProject
Project("{FAE04EC0-301F-11D3-BF4B-00C04F79EFBC}") = "Din.Domain.Queries", "Din.Domain.Queries\Din.Domain.Queries.csproj", "{2505DD9B-7339-40F6-8E46-90DCD7742C57}"
EndProject
Global
	GlobalSection(SolutionConfigurationPlatforms) = preSolution
		Debug|Any CPU = Debug|Any CPU
		Release|Any CPU = Release|Any CPU
	EndGlobalSection
	GlobalSection(ProjectConfigurationPlatforms) = postSolution
		{5C828F27-BF9D-4430-8361-D79F80395E59}.Debug|Any CPU.ActiveCfg = Debug|Any CPU
		{5C828F27-BF9D-4430-8361-D79F80395E59}.Debug|Any CPU.Build.0 = Debug|Any CPU
		{5C828F27-BF9D-4430-8361-D79F80395E59}.Release|Any CPU.ActiveCfg = Release|Any CPU
		{5C828F27-BF9D-4430-8361-D79F80395E59}.Release|Any CPU.Build.0 = Release|Any CPU
		{BB59FC2D-2E31-40D1-B769-EBAA9424CA57}.Debug|Any CPU.ActiveCfg = Debug|Any CPU
		{BB59FC2D-2E31-40D1-B769-EBAA9424CA57}.Debug|Any CPU.Build.0 = Debug|Any CPU
		{BB59FC2D-2E31-40D1-B769-EBAA9424CA57}.Release|Any CPU.ActiveCfg = Release|Any CPU
		{BB59FC2D-2E31-40D1-B769-EBAA9424CA57}.Release|Any CPU.Build.0 = Release|Any CPU
		{794598EC-0EF7-47F2-A01E-54EFFC16BF5C}.Debug|Any CPU.ActiveCfg = Debug|Any CPU
		{794598EC-0EF7-47F2-A01E-54EFFC16BF5C}.Debug|Any CPU.Build.0 = Debug|Any CPU
		{794598EC-0EF7-47F2-A01E-54EFFC16BF5C}.Release|Any CPU.ActiveCfg = Release|Any CPU
		{794598EC-0EF7-47F2-A01E-54EFFC16BF5C}.Release|Any CPU.Build.0 = Release|Any CPU
		{9B47D1B7-635A-48D0-ACB1-468648BC4B80}.Debug|Any CPU.ActiveCfg = Debug|Any CPU
		{9B47D1B7-635A-48D0-ACB1-468648BC4B80}.Debug|Any CPU.Build.0 = Debug|Any CPU
		{9B47D1B7-635A-48D0-ACB1-468648BC4B80}.Release|Any CPU.ActiveCfg = Release|Any CPU
		{9B47D1B7-635A-48D0-ACB1-468648BC4B80}.Release|Any CPU.Build.0 = Release|Any CPU
		{6CD0B536-7A7D-4B32-8768-7CDCBB5C0D94}.Debug|Any CPU.ActiveCfg = Debug|Any CPU
		{6CD0B536-7A7D-4B32-8768-7CDCBB5C0D94}.Debug|Any CPU.Build.0 = Debug|Any CPU
		{6CD0B536-7A7D-4B32-8768-7CDCBB5C0D94}.Release|Any CPU.ActiveCfg = Release|Any CPU
		{6CD0B536-7A7D-4B32-8768-7CDCBB5C0D94}.Release|Any CPU.Build.0 = Release|Any CPU
		{0E180842-4114-4D9F-B38E-0302338E2A0E}.Debug|Any CPU.ActiveCfg = Debug|Any CPU
		{0E180842-4114-4D9F-B38E-0302338E2A0E}.Debug|Any CPU.Build.0 = Debug|Any CPU
		{0E180842-4114-4D9F-B38E-0302338E2A0E}.Release|Any CPU.ActiveCfg = Release|Any CPU
		{0E180842-4114-4D9F-B38E-0302338E2A0E}.Release|Any CPU.Build.0 = Release|Any CPU
		{2431F5B2-90CE-4AC8-A60E-5FC7F0A9C21E}.Debug|Any CPU.ActiveCfg = Debug|Any CPU
		{2431F5B2-90CE-4AC8-A60E-5FC7F0A9C21E}.Debug|Any CPU.Build.0 = Debug|Any CPU
		{2431F5B2-90CE-4AC8-A60E-5FC7F0A9C21E}.Release|Any CPU.ActiveCfg = Release|Any CPU
		{2431F5B2-90CE-4AC8-A60E-5FC7F0A9C21E}.Release|Any CPU.Build.0 = Release|Any CPU
		{F103EE2E-32B5-47CA-A7CB-9AC783B9AD82}.Debug|Any CPU.ActiveCfg = Debug|Any CPU
		{F103EE2E-32B5-47CA-A7CB-9AC783B9AD82}.Debug|Any CPU.Build.0 = Debug|Any CPU
		{F103EE2E-32B5-47CA-A7CB-9AC783B9AD82}.Release|Any CPU.ActiveCfg = Release|Any CPU
		{F103EE2E-32B5-47CA-A7CB-9AC783B9AD82}.Release|Any CPU.Build.0 = Release|Any CPU
		{6CE2F08E-3F14-4E11-B611-84DC4153DD3F}.Debug|Any CPU.ActiveCfg = Debug|Any CPU
		{6CE2F08E-3F14-4E11-B611-84DC4153DD3F}.Debug|Any CPU.Build.0 = Debug|Any CPU
		{6CE2F08E-3F14-4E11-B611-84DC4153DD3F}.Release|Any CPU.ActiveCfg = Release|Any CPU
		{6CE2F08E-3F14-4E11-B611-84DC4153DD3F}.Release|Any CPU.Build.0 = Release|Any CPU
		{2505DD9B-7339-40F6-8E46-90DCD7742C57}.Debug|Any CPU.ActiveCfg = Debug|Any CPU
		{2505DD9B-7339-40F6-8E46-90DCD7742C57}.Debug|Any CPU.Build.0 = Debug|Any CPU
		{2505DD9B-7339-40F6-8E46-90DCD7742C57}.Release|Any CPU.ActiveCfg = Release|Any CPU
		{2505DD9B-7339-40F6-8E46-90DCD7742C57}.Release|Any CPU.Build.0 = Release|Any CPU
	EndGlobalSection
	GlobalSection(SolutionProperties) = preSolution
		HideSolutionNode = FALSE
	EndGlobalSection
	GlobalSection(NestedProjects) = preSolution
		{5C828F27-BF9D-4430-8361-D79F80395E59} = {09E915FE-28A7-4269-8966-5443DB9395BC}
		{BB59FC2D-2E31-40D1-B769-EBAA9424CA57} = {0053C958-0EA0-459C-84BC-A02116E03450}
		{794598EC-0EF7-47F2-A01E-54EFFC16BF5C} = {ECD91A97-1EA9-46F3-B639-FF524265E1C0}
		{9B47D1B7-635A-48D0-ACB1-468648BC4B80} = {ECD91A97-1EA9-46F3-B639-FF524265E1C0}
		{6CD0B536-7A7D-4B32-8768-7CDCBB5C0D94} = {0053C958-0EA0-459C-84BC-A02116E03450}
		{0E180842-4114-4D9F-B38E-0302338E2A0E} = {CC90C3FF-E2C9-4A77-9082-A1D8449444D9}
		{2431F5B2-90CE-4AC8-A60E-5FC7F0A9C21E} = {0053C958-0EA0-459C-84BC-A02116E03450}
		{F103EE2E-32B5-47CA-A7CB-9AC783B9AD82} = {0053C958-0EA0-459C-84BC-A02116E03450}
		{6CE2F08E-3F14-4E11-B611-84DC4153DD3F} = {0053C958-0EA0-459C-84BC-A02116E03450}
		{2505DD9B-7339-40F6-8E46-90DCD7742C57} = {0053C958-0EA0-459C-84BC-A02116E03450}
	EndGlobalSection
	GlobalSection(ExtensibilityGlobals) = postSolution
		SolutionGuid = {E28A58A2-45A7-49F1-8029-205D3F48AC33}
	EndGlobalSection
EndGlobal
